// !$*UTF8*$!
{
	archiveVersion = 1;
	classes = {
	};
	objectVersion = 46;
	objects = {

/* Begin PBXBuildFile section */
		8B2EF078196A373F006ACD55 /* AppDelegate.swift in Sources */ = {isa = PBXBuildFile; fileRef = 8B2EF077196A373F006ACD55 /* AppDelegate.swift */; };
		8B2EF07A196A373F006ACD55 /* ViewController.swift in Sources */ = {isa = PBXBuildFile; fileRef = 8B2EF079196A373F006ACD55 /* ViewController.swift */; };
		8B2EF07D196A373F006ACD55 /* Main.storyboard in Resources */ = {isa = PBXBuildFile; fileRef = 8B2EF07B196A373F006ACD55 /* Main.storyboard */; };
		8B2EF07F196A373F006ACD55 /* Images.xcassets in Resources */ = {isa = PBXBuildFile; fileRef = 8B2EF07E196A373F006ACD55 /* Images.xcassets */; };
		8B2EF08B196A373F006ACD55 /* TestTipCalculatorTests.swift in Sources */ = {isa = PBXBuildFile; fileRef = 8B2EF08A196A373F006ACD55 /* TestTipCalculatorTests.swift */; };
		8B717440196A3CDE006CA386 /* TipModel.swift in Sources */ = {isa = PBXBuildFile; fileRef = 8B71743F196A3CDE006CA386 /* TipModel.swift */; };
/* End PBXBuildFile section */

/* Begin PBXContainerItemProxy section */
		8B2EF085196A373F006ACD55 /* PBXContainerItemProxy */ = {
			isa = PBXContainerItemProxy;
			containerPortal = 8B2EF06A196A373F006ACD55 /* Project object */;
			proxyType = 1;
			remoteGlobalIDString = 8B2EF071196A373F006ACD55;
			remoteInfo = TestTipCalculator;
		};
/* End PBXContainerItemProxy section */

/* Begin PBXFileReference section */
		8B2EF072196A373F006ACD55 /* TestTipCalculator.app */ = {isa = PBXFileReference; explicitFileType = wrapper.application; includeInIndex = 0; path = TestTipCalculator.app; sourceTree = BUILT_PRODUCTS_DIR; };
		8B2EF076196A373F006ACD55 /* Info.plist */ = {isa = PBXFileReference; lastKnownFileType = text.plist.xml; path = Info.plist; sourceTree = "<group>"; };
		8B2EF077196A373F006ACD55 /* AppDelegate.swift */ = {isa = PBXFileReference; lastKnownFileType = sourcecode.swift; path = AppDelegate.swift; sourceTree = "<group>"; };
		8B2EF079196A373F006ACD55 /* ViewController.swift */ = {isa = PBXFileReference; lastKnownFileType = sourcecode.swift; path = ViewController.swift; sourceTree = "<group>"; };
		8B2EF07C196A373F006ACD55 /* Base */ = {isa = PBXFileReference; lastKnownFileType = file.storyboard; name = Base; path = Base.lproj/Main.storyboard; sourceTree = "<group>"; };
		8B2EF07E196A373F006ACD55 /* Images.xcassets */ = {isa = PBXFileReference; lastKnownFileType = folder.assetcatalog; path = Images.xcassets; sourceTree = "<group>"; };
		8B2EF084196A373F006ACD55 /* TestTipCalculatorTests.xctest */ = {isa = PBXFileReference; explicitFileType = wrapper.cfbundle; includeInIndex = 0; path = TestTipCalculatorTests.xctest; sourceTree = BUILT_PRODUCTS_DIR; };
		8B2EF089196A373F006ACD55 /* Info.plist */ = {isa = PBXFileReference; lastKnownFileType = text.plist.xml; path = Info.plist; sourceTree = "<group>"; };
		8B2EF08A196A373F006ACD55 /* TestTipCalculatorTests.swift */ = {isa = PBXFileReference; lastKnownFileType = sourcecode.swift; path = TestTipCalculatorTests.swift; sourceTree = "<group>"; };
		8B71743F196A3CDE006CA386 /* TipModel.swift */ = {isa = PBXFileReference; fileEncoding = 4; lastKnownFileType = sourcecode.swift; path = TipModel.swift; sourceTree = "<group>"; };
/* End PBXFileReference section */

/* Begin PBXFrameworksBuildPhase section */
		8B2EF06F196A373F006ACD55 /* Frameworks */ = {
			isa = PBXFrameworksBuildPhase;
			buildActionMask = 2147483647;
			files = (
			);
			runOnlyForDeploymentPostprocessing = 0;
		};
		8B2EF081196A373F006ACD55 /* Frameworks */ = {
			isa = PBXFrameworksBuildPhase;
			buildActionMask = 2147483647;
			files = (
			);
			runOnlyForDeploymentPostprocessing = 0;
		};
/* End PBXFrameworksBuildPhase section */

/* Begin PBXGroup section */
		8B2EF069196A373F006ACD55 = {
			isa = PBXGroup;
			children = (
				8B2EF074196A373F006ACD55 /* TestTipCalculator */,
				8B2EF087196A373F006ACD55 /* TestTipCalculatorTests */,
				8B2EF073196A373F006ACD55 /* Products */,
			);
			sourceTree = "<group>";
		};
		8B2EF073196A373F006ACD55 /* Products */ = {
			isa = PBXGroup;
			children = (
				8B2EF072196A373F006ACD55 /* TestTipCalculator.app */,
				8B2EF084196A373F006ACD55 /* TestTipCalculatorTests.xctest */,
			);
			name = Products;
			sourceTree = "<group>";
		};
		8B2EF074196A373F006ACD55 /* TestTipCalculator */ = {
			isa = PBXGroup;
			children = (
				8B2EF077196A373F006ACD55 /* AppDelegate.swift */,
				8B2EF079196A373F006ACD55 /* ViewController.swift */,
				8B71743F196A3CDE006CA386 /* TipModel.swift */,
				8B2EF07B196A373F006ACD55 /* Main.storyboard */,
				8B2EF07E196A373F006ACD55 /* Images.xcassets */,
				8B2EF075196A373F006ACD55 /* Supporting Files */,
			);
			path = TestTipCalculator;
			sourceTree = "<group>";
		};
		8B2EF075196A373F006ACD55 /* Supporting Files */ = {
			isa = PBXGroup;
			children = (
				8B2EF076196A373F006ACD55 /* Info.plist */,
			);
			name = "Supporting Files";
			sourceTree = "<group>";
		};
		8B2EF087196A373F006ACD55 /* TestTipCalculatorTests */ = {
			isa = PBXGroup;
			children = (
				8B2EF08A196A373F006ACD55 /* TestTipCalculatorTests.swift */,
				8B2EF088196A373F006ACD55 /* Supporting Files */,
			);
			path = TestTipCalculatorTests;
			sourceTree = "<group>";
		};
		8B2EF088196A373F006ACD55 /* Supporting Files */ = {
			isa = PBXGroup;
			children = (
				8B2EF089196A373F006ACD55 /* Info.plist */,
			);
			name = "Supporting Files";
			sourceTree = "<group>";
		};
/* End PBXGroup section */

/* Begin PBXNativeTarget section */
		8B2EF071196A373F006ACD55 /* TestTipCalculator */ = {
			isa = PBXNativeTarget;
			buildConfigurationList = 8B2EF08E196A373F006ACD55 /* Build configuration list for PBXNativeTarget "TestTipCalculator" */;
			buildPhases = (
				8B2EF06E196A373F006ACD55 /* Sources */,
				8B2EF06F196A373F006ACD55 /* Frameworks */,
				8B2EF070196A373F006ACD55 /* Resources */,
			);
			buildRules = (
			);
			dependencies = (
			);
			name = TestTipCalculator;
			productName = TestTipCalculator;
			productReference = 8B2EF072196A373F006ACD55 /* TestTipCalculator.app */;
			productType = "com.apple.product-type.application";
		};
		8B2EF083196A373F006ACD55 /* TestTipCalculatorTests */ = {
			isa = PBXNativeTarget;
			buildConfigurationList = 8B2EF091196A373F006ACD55 /* Build configuration list for PBXNativeTarget "TestTipCalculatorTests" */;
			buildPhases = (
				8B2EF080196A373F006ACD55 /* Sources */,
				8B2EF081196A373F006ACD55 /* Frameworks */,
				8B2EF082196A373F006ACD55 /* Resources */,
			);
			buildRules = (
			);
			dependencies = (
				8B2EF086196A373F006ACD55 /* PBXTargetDependency */,
			);
			name = TestTipCalculatorTests;
			productName = TestTipCalculatorTests;
			productReference = 8B2EF084196A373F006ACD55 /* TestTipCalculatorTests.xctest */;
			productType = "com.apple.product-type.bundle.unit-test";
		};
/* End PBXNativeTarget section */

/* Begin PBXProject section */
		8B2EF06A196A373F006ACD55 /* Project object */ = {
			isa = PBXProject;
			attributes = {
				LastUpgradeCheck = 0600;
				ORGANIZATIONNAME = lin;
				TargetAttributes = {
					8B2EF071196A373F006ACD55 = {
						CreatedOnToolsVersion = 6.0;
					};
					8B2EF083196A373F006ACD55 = {
						CreatedOnToolsVersion = 6.0;
						TestTargetID = 8B2EF071196A373F006ACD55;
					};
				};
			};
			buildConfigurationList = 8B2EF06D196A373F006ACD55 /* Build configuration list for PBXProject "TestTipCalculator" */;
			compatibilityVersion = "Xcode 3.2";
			developmentRegion = English;
			hasScannedForEncodings = 0;
			knownRegions = (
				en,
				Base,
			);
			mainGroup = 8B2EF069196A373F006ACD55;
			productRefGroup = 8B2EF073196A373F006ACD55 /* Products */;
			projectDirPath = "";
			projectRoot = "";
			targets = (
				8B2EF071196A373F006ACD55 /* TestTipCalculator */,
				8B2EF083196A373F006ACD55 /* TestTipCalculatorTests */,
			);
		};
/* End PBXProject section */

/* Begin PBXResourcesBuildPhase section */
		8B2EF070196A373F006ACD55 /* Resources */ = {
			isa = PBXResourcesBuildPhase;
			buildActionMask = 2147483647;
			files = (
				8B2EF07D196A373F006ACD55 /* Main.storyboard in Resources */,
				8B2EF07F196A373F006ACD55 /* Images.xcassets in Resources */,
			);
			runOnlyForDeploymentPostprocessing = 0;
		};
		8B2EF082196A373F006ACD55 /* Resources */ = {
			isa = PBXResourcesBuildPhase;
			buildActionMask = 2147483647;
			files = (
			);
			runOnlyForDeploymentPostprocessing = 0;
		};
/* End PBXResourcesBuildPhase section */

/* Begin PBXSourcesBuildPhase section */
		8B2EF06E196A373F006ACD55 /* Sources */ = {
			isa = PBXSourcesBuildPhase;
			buildActionMask = 2147483647;
			files = (
				8B717440196A3CDE006CA386 /* TipModel.swift in Sources */,
				8B2EF07A196A373F006ACD55 /* ViewController.swift in Sources */,
				8B2EF078196A373F006ACD55 /* AppDelegate.swift in Sources */,
			);
			runOnlyForDeploymentPostprocessing = 0;
		};
		8B2EF080196A373F006ACD55 /* Sources */ = {
			isa = PBXSourcesBuildPhase;
			buildActionMask = 2147483647;
			files = (
				8B2EF08B196A373F006ACD55 /* TestTipCalculatorTests.swift in Sources */,
			);
			runOnlyForDeploymentPostprocessing = 0;
		};
/* End PBXSourcesBuildPhase section */

/* Begin PBXTargetDependency section */
		8B2EF086196A373F006ACD55 /* PBXTargetDependency */ = {
			isa = PBXTargetDependency;
			target = 8B2EF071196A373F006ACD55 /* TestTipCalculator */;
			targetProxy = 8B2EF085196A373F006ACD55 /* PBXContainerItemProxy */;
		};
/* End PBXTargetDependency section */

/* Begin PBXVariantGroup section */
		8B2EF07B196A373F006ACD55 /* Main.storyboard */ = {
			isa = PBXVariantGroup;
			children = (
				8B2EF07C196A373F006ACD55 /* Base */,
			);
			name = Main.storyboard;
			sourceTree = "<group>";
		};
/* End PBXVariantGroup section */

/* Begin XCBuildConfiguration section */
		8B2EF08C196A373F006ACD55 /* Debug */ = {
			isa = XCBuildConfiguration;
			buildSettings = {
				ALWAYS_SEARCH_USER_PATHS = NO;
				CLANG_CXX_LANGUAGE_STANDARD = "gnu++0x";
				CLANG_CXX_LIBRARY = "libc++";
				CLANG_ENABLE_MODULES = YES;
				CLANG_ENABLE_OBJC_ARC = YES;
				CLANG_WARN_BOOL_CONVERSION = YES;
				CLANG_WARN_CONSTANT_CONVERSION = YES;
				CLANG_WARN_DIRECT_OBJC_ISA_USAGE = YES_ERROR;
				CLANG_WARN_EMPTY_BODY = YES;
				CLANG_WARN_ENUM_CONVERSION = YES;
				CLANG_WARN_INT_CONVERSION = YES;
				CLANG_WARN_OBJC_ROOT_CLASS = YES_ERROR;
				CLANG_WARN_UNREACHABLE_CODE = YES;
				CLANG_WARN__DUPLICATE_METHOD_MATCH = YES;
				"CODE_SIGN_IDENTITY[sdk=iphoneos*]" = "iPhone Developer";
				COPY_PHASE_STRIP = NO;
				ENABLE_STRICT_OBJC_MSGSEND = YES;
				GCC_C_LANGUAGE_STANDARD = gnu99;
				GCC_DYNAMIC_NO_PIC = NO;
				GCC_OPTIMIZATION_LEVEL = 0;
				GCC_PREPROCESSOR_DEFINITIONS = (
					"DEBUG=1",
					"$(inherited)",
				);
				GCC_SYMBOLS_PRIVATE_EXTERN = NO;
				GCC_WARN_64_TO_32_BIT_CONVERSION = YES;
				GCC_WARN_ABOUT_RETURN_TYPE = YES_ERROR;
				GCC_WARN_UNDECLARED_SELECTOR = YES;
				GCC_WARN_UNINITIALIZED_AUTOS = YES_AGGRESSIVE;
				GCC_WARN_UNUSED_FUNCTION = YES;
				GCC_WARN_UNUSED_VARIABLE = YES;
				IPHONEOS_DEPLOYMENT_TARGET = 8.0;
				METAL_ENABLE_DEBUG_INFO = YES;
				ONLY_ACTIVE_ARCH = YES;
				SDKROOT = iphoneos;
				SWIFT_OPTIMIZATION_LEVEL = "-Onone";
			};
			name = Debug;
		};
		8B2EF08D196A373F006ACD55 /* Release */ = {
			isa = XCBuildConfiguration;
			buildSettings = {
				ALWAYS_SEARCH_USER_PATHS = NO;
				CLANG_CXX_LANGUAGE_STANDARD = "gnu++0x";
				CLANG_CXX_LIBRARY = "libc++";
				CLANG_ENABLE_MODULES = YES;
				CLANG_ENABLE_OBJC_ARC = YES;
				CLANG_WARN_BOOL_CONVERSION = YES;
				CLANG_WARN_CONSTANT_CONVERSION = YES;
				CLANG_WARN_DIRECT_OBJC_ISA_USAGE = YES_ERROR;
				CLANG_WARN_EMPTY_BODY = YES;
				CLANG_WARN_ENUM_CONVERSION = YES;
				CLANG_WARN_INT_CONVERSION = YES;
				CLANG_WARN_OBJC_ROOT_CLASS = YES_ERROR;
				CLANG_WARN_UNREACHABLE_CODE = YES;
				CLANG_WARN__DUPLICATE_METHOD_MATCH = YES;
				"CODE_SIGN_IDENTITY[sdk=iphoneos*]" = "iPhone Developer";
				COPY_PHASE_STRIP = YES;
				ENABLE_NS_ASSERTIONS = NO;
				ENABLE_STRICT_OBJC_MSGSEND = YES;
				GCC_C_LANGUAGE_STANDARD = gnu99;
				GCC_WARN_64_TO_32_BIT_CONVERSION = YES;
				GCC_WARN_ABOUT_RETURN_TYPE = YES_ERROR;
				GCC_WARN_UNDECLARED_SELECTOR = YES;
				GCC_WARN_UNINITIALIZED_AUTOS = YES_AGGRESSIVE;
				GCC_WARN_UNUSED_FUNCTION = YES;
				GCC_WARN_UNUSED_VARIABLE = YES;
				IPHONEOS_DEPLOYMENT_TARGET = 8.0;
				METAL_ENABLE_DEBUG_INFO = NO;
				SDKROOT = iphoneos;
				VALIDATE_PRODUCT = YES;
			};
			name = Release;
		};
		8B2EF08F196A373F006ACD55 /* Debug */ = {
			isa = XCBuildConfiguration;
			buildSettings = {
				ASSETCATALOG_COMPILER_APPICON_NAME = AppIcon;
				ASSETCATALOG_COMPILER_LAUNCHIMAGE_NAME = LaunchImage;
				INFOPLIST_FILE = TestTipCalculator/Info.plist;
				LD_RUNPATH_SEARCH_PATHS = "$(inherited) @executable_path/Frameworks";
				PRODUCT_NAME = "$(TARGET_NAME)";
			};
			name = Debug;
		};
		8B2EF090196A373F006ACD55 /* Release */ = {
			isa = XCBuildConfiguration;
			buildSettings = {
				ASSETCATALOG_COMPILER_APPICON_NAME = AppIcon;
				ASSETCATALOG_COMPILER_LAUNCHIMAGE_NAME = LaunchImage;
				INFOPLIST_FILE = TestTipCalculator/Info.plist;
				LD_RUNPATH_SEARCH_PATHS = "$(inherited) @executable_path/Frameworks";
				PRODUCT_NAME = "$(TARGET_NAME)";
			};
			name = Release;
		};
		8B2EF092196A373F006ACD55 /* Debug */ = {
			isa = XCBuildConfiguration;
			buildSettings = {
				BUNDLE_LOADER = "$(BUILT_PRODUCTS_DIR)/TestTipCalculator.app/TestTipCalculator";
				FRAMEWORK_SEARCH_PATHS = (
					"$(SDKROOT)/Developer/Library/Frameworks",
					"$(inherited)",
				);
				GCC_PREPROCESSOR_DEFINITIONS = (
					"DEBUG=1",
					"$(inherited)",
				);
				INFOPLIST_FILE = TestTipCalculatorTests/Info.plist;
				LD_RUNPATH_SEARCH_PATHS = "$(inherited) @executable_path/Frameworks @loader_path/Frameworks";
				METAL_ENABLE_DEBUG_INFO = YES;
				PRODUCT_NAME = "$(TARGET_NAME)";
				TEST_HOST = "$(BUNDLE_LOADER)";
			};
			name = Debug;
		};
		8B2EF093196A373F006ACD55 /* Release */ = {
			isa = XCBuildConfiguration;
			buildSettings = {
				BUNDLE_LOADER = "$(BUILT_PRODUCTS_DIR)/TestTipCalculator.app/TestTipCalculator";
				FRAMEWORK_SEARCH_PATHS = (
					"$(SDKROOT)/Developer/Library/Frameworks",
					"$(inherited)",
				);
				INFOPLIST_FILE = TestTipCalculatorTests/Info.plist;
				LD_RUNPATH_SEARCH_PATHS = "$(inherited) @executable_path/Frameworks @loader_path/Frameworks";
				METAL_ENABLE_DEBUG_INFO = NO;
				PRODUCT_NAME = "$(TARGET_NAME)";
				TEST_HOST = "$(BUNDLE_LOADER)";
			};
			name = Release;
		};
/* End XCBuildConfiguration section */

/* Begin XCConfigurationList section */
		8B2EF06D196A373F006ACD55 /* Build configuration list for PBXProject "TestTipCalculator" */ = {
			isa = XCConfigurationList;
			buildConfigurations = (
				8B2EF08C196A373F006ACD55 /* Debug */,
				8B2EF08D196A373F006ACD55 /* Release */,
			);
			defaultConfigurationIsVisible = 0;
			defaultConfigurationName = Release;
		};
		8B2EF08E196A373F006ACD55 /* Build configuration list for PBXNativeTarget "TestTipCalculator" */ = {
			isa = XCConfigurationList;
			buildConfigurations = (
				8B2EF08F196A373F006ACD55 /* Debug */,
				8B2EF090196A373F006ACD55 /* Release */,
			);
			defaultConfigurationIsVisible = 0;
			defaultConfigurationName = Release;
		};
		8B2EF091196A373F006ACD55 /* Build configuration list for PBXNativeTarget "TestTipCalculatorTests" */ = {
			isa = XCConfigurationList;
			buildConfigurations = (
				8B2EF092196A373F006ACD55 /* Debug */,
				8B2EF093196A373F006ACD55 /* Release */,
			);
			defaultConfigurationIsVisible = 0;
			defaultConfigurationName = Release;
		};
/* End XCConfigurationList section */
	};
	rootObject = 8B2EF06A196A373F006ACD55 /* Project object */;
}
