// !$*UTF8*$!
{
	archiveVersion = 1;
	classes = {
	};
	objectVersion = 46;
	objects = {

/* Begin PBXBuildFile section */
		3E3937C51B4CFAAC00CB2B68 /* delete.png in Resources */ = {isa = PBXBuildFile; fileRef = 3E3937C41B4CFAAC00CB2B68 /* delete.png */; };
		3E5C67ED1B465A1100B5FBFB /* SKLoadMoreTableFooterView.m in Sources */ = {isa = PBXBuildFile; fileRef = 3E5C67EC1B465A1100B5FBFB /* SKLoadMoreTableFooterView.m */; };
		3E5C67F31B4669E700B5FBFB /* SKExtendLoadMoreTableView.m in Sources */ = {isa = PBXBuildFile; fileRef = 3E5C67F21B4669E700B5FBFB /* SKExtendLoadMoreTableView.m */; };
		8B3E944C19A1DBED002AD9CC /* SKSlideTableViewCell.m in Sources */ = {isa = PBXBuildFile; fileRef = 8B3E944B19A1DBED002AD9CC /* SKSlideTableViewCell.m */; };
		8B4105CA1999EC3E0056EA3C /* SKHitView.m in Sources */ = {isa = PBXBuildFile; fileRef = 8B4105C91999EC3E0056EA3C /* SKHitView.m */; };
		8B9A13ED1993605D00958EE0 /* Foundation.framework in Frameworks */ = {isa = PBXBuildFile; fileRef = 8B9A13EC1993605D00958EE0 /* Foundation.framework */; };
		8B9A13EF1993605D00958EE0 /* CoreGraphics.framework in Frameworks */ = {isa = PBXBuildFile; fileRef = 8B9A13EE1993605D00958EE0 /* CoreGraphics.framework */; };
		8B9A13F11993605D00958EE0 /* UIKit.framework in Frameworks */ = {isa = PBXBuildFile; fileRef = 8B9A13F01993605D00958EE0 /* UIKit.framework */; };
		8B9A13F71993605D00958EE0 /* InfoPlist.strings in Resources */ = {isa = PBXBuildFile; fileRef = 8B9A13F51993605D00958EE0 /* InfoPlist.strings */; };
		8B9A13F91993605D00958EE0 /* main.m in Sources */ = {isa = PBXBuildFile; fileRef = 8B9A13F81993605D00958EE0 /* main.m */; };
		8B9A13FD1993605D00958EE0 /* AppDelegate.m in Sources */ = {isa = PBXBuildFile; fileRef = 8B9A13FC1993605D00958EE0 /* AppDelegate.m */; };
		8B9A14031993605D00958EE0 /* ViewController.m in Sources */ = {isa = PBXBuildFile; fileRef = 8B9A14021993605D00958EE0 /* ViewController.m */; };
		8B9A14051993605D00958EE0 /* Images.xcassets in Resources */ = {isa = PBXBuildFile; fileRef = 8B9A14041993605D00958EE0 /* Images.xcassets */; };
		8B9A140C1993605D00958EE0 /* XCTest.framework in Frameworks */ = {isa = PBXBuildFile; fileRef = 8B9A140B1993605D00958EE0 /* XCTest.framework */; };
		8B9A140D1993605D00958EE0 /* Foundation.framework in Frameworks */ = {isa = PBXBuildFile; fileRef = 8B9A13EC1993605D00958EE0 /* Foundation.framework */; };
		8B9A140E1993605D00958EE0 /* UIKit.framework in Frameworks */ = {isa = PBXBuildFile; fileRef = 8B9A13F01993605D00958EE0 /* UIKit.framework */; };
		8B9A14161993605D00958EE0 /* InfoPlist.strings in Resources */ = {isa = PBXBuildFile; fileRef = 8B9A14141993605D00958EE0 /* InfoPlist.strings */; };
		8B9A14181993605D00958EE0 /* ______CellTests.m in Sources */ = {isa = PBXBuildFile; fileRef = 8B9A14171993605D00958EE0 /* ______CellTests.m */; };
		8BA86C9819A2EA4800A667E2 /* SKCustomTableView.m in Sources */ = {isa = PBXBuildFile; fileRef = 8BA86C9719A2EA4800A667E2 /* SKCustomTableView.m */; };
		8BA86C9E19A2EA9000A667E2 /* CircleView.m in Sources */ = {isa = PBXBuildFile; fileRef = 8BA86C9B19A2EA9000A667E2 /* CircleView.m */; };
		8BA86C9F19A2EA9000A667E2 /* EGORefreshTableHeaderView.m in Sources */ = {isa = PBXBuildFile; fileRef = 8BA86C9D19A2EA9000A667E2 /* EGORefreshTableHeaderView.m */; };
		8BA86CA319A2EAC800A667E2 /* SKLoadMoreCell.m in Sources */ = {isa = PBXBuildFile; fileRef = 8BA86CA119A2EAC800A667E2 /* SKLoadMoreCell.m */; };
		8BA86CA419A2EAC800A667E2 /* SKLoadMoreCell.xib in Resources */ = {isa = PBXBuildFile; fileRef = 8BA86CA219A2EAC800A667E2 /* SKLoadMoreCell.xib */; };
		8BA86CA619A2EED400A667E2 /* SKSlideTableViewCell.xib in Resources */ = {isa = PBXBuildFile; fileRef = 8BA86CA519A2EED400A667E2 /* SKSlideTableViewCell.xib */; };
		8BA86CA919A2F57900A667E2 /* MyTableViewCell.m in Sources */ = {isa = PBXBuildFile; fileRef = 8BA86CA819A2F57900A667E2 /* MyTableViewCell.m */; };
		8BA86CAB19A3152A00A667E2 /* haha.png in Resources */ = {isa = PBXBuildFile; fileRef = 8BA86CAA19A3152A00A667E2 /* haha.png */; };
/* End PBXBuildFile section */

/* Begin PBXContainerItemProxy section */
		8B9A140F1993605D00958EE0 /* PBXContainerItemProxy */ = {
			isa = PBXContainerItemProxy;
			containerPortal = 8B9A13E11993605D00958EE0 /* Project object */;
			proxyType = 1;
			remoteGlobalIDString = 8B9A13E81993605D00958EE0;
			remoteInfo = "测试滑动删除Cell";
		};
/* End PBXContainerItemProxy section */

/* Begin PBXFileReference section */
		3E3937C41B4CFAAC00CB2B68 /* delete.png */ = {isa = PBXFileReference; lastKnownFileType = image.png; path = delete.png; sourceTree = "<group>"; };
		3E5C67EB1B465A1100B5FBFB /* SKLoadMoreTableFooterView.h */ = {isa = PBXFileReference; fileEncoding = 4; lastKnownFileType = sourcecode.c.h; path = SKLoadMoreTableFooterView.h; sourceTree = "<group>"; };
		3E5C67EC1B465A1100B5FBFB /* SKLoadMoreTableFooterView.m */ = {isa = PBXFileReference; fileEncoding = 4; lastKnownFileType = sourcecode.c.objc; path = SKLoadMoreTableFooterView.m; sourceTree = "<group>"; };
		3E5C67F11B4669E700B5FBFB /* SKExtendLoadMoreTableView.h */ = {isa = PBXFileReference; fileEncoding = 4; lastKnownFileType = sourcecode.c.h; path = SKExtendLoadMoreTableView.h; sourceTree = "<group>"; };
		3E5C67F21B4669E700B5FBFB /* SKExtendLoadMoreTableView.m */ = {isa = PBXFileReference; fileEncoding = 4; lastKnownFileType = sourcecode.c.objc; path = SKExtendLoadMoreTableView.m; sourceTree = "<group>"; };
		8B3E944A19A1DBED002AD9CC /* SKSlideTableViewCell.h */ = {isa = PBXFileReference; fileEncoding = 4; lastKnownFileType = sourcecode.c.h; path = SKSlideTableViewCell.h; sourceTree = "<group>"; };
		8B3E944B19A1DBED002AD9CC /* SKSlideTableViewCell.m */ = {isa = PBXFileReference; fileEncoding = 4; lastKnownFileType = sourcecode.c.objc; path = SKSlideTableViewCell.m; sourceTree = "<group>"; };
		8B4105C81999EC3E0056EA3C /* SKHitView.h */ = {isa = PBXFileReference; fileEncoding = 4; lastKnownFileType = sourcecode.c.h; path = SKHitView.h; sourceTree = "<group>"; };
		8B4105C91999EC3E0056EA3C /* SKHitView.m */ = {isa = PBXFileReference; fileEncoding = 4; lastKnownFileType = sourcecode.c.objc; path = SKHitView.m; sourceTree = "<group>"; };
		8B9A13E91993605D00958EE0 /* 测试滑动删除Cell.app */ = {isa = PBXFileReference; explicitFileType = wrapper.application; includeInIndex = 0; path = "测试滑动删除Cell.app"; sourceTree = BUILT_PRODUCTS_DIR; };
		8B9A13EC1993605D00958EE0 /* Foundation.framework */ = {isa = PBXFileReference; lastKnownFileType = wrapper.framework; name = Foundation.framework; path = System/Library/Frameworks/Foundation.framework; sourceTree = SDKROOT; };
		8B9A13EE1993605D00958EE0 /* CoreGraphics.framework */ = {isa = PBXFileReference; lastKnownFileType = wrapper.framework; name = CoreGraphics.framework; path = System/Library/Frameworks/CoreGraphics.framework; sourceTree = SDKROOT; };
		8B9A13F01993605D00958EE0 /* UIKit.framework */ = {isa = PBXFileReference; lastKnownFileType = wrapper.framework; name = UIKit.framework; path = System/Library/Frameworks/UIKit.framework; sourceTree = SDKROOT; };
		8B9A13F41993605D00958EE0 /* 测试滑动删除Cell-Info.plist */ = {isa = PBXFileReference; lastKnownFileType = text.plist.xml; path = "测试滑动删除Cell-Info.plist"; sourceTree = "<group>"; };
		8B9A13F61993605D00958EE0 /* en */ = {isa = PBXFileReference; lastKnownFileType = text.plist.strings; name = en; path = en.lproj/InfoPlist.strings; sourceTree = "<group>"; };
		8B9A13F81993605D00958EE0 /* main.m */ = {isa = PBXFileReference; lastKnownFileType = sourcecode.c.objc; path = main.m; sourceTree = "<group>"; };
		8B9A13FA1993605D00958EE0 /* 测试滑动删除Cell-Prefix.pch */ = {isa = PBXFileReference; lastKnownFileType = sourcecode.c.h; path = "测试滑动删除Cell-Prefix.pch"; sourceTree = "<group>"; };
		8B9A13FB1993605D00958EE0 /* AppDelegate.h */ = {isa = PBXFileReference; lastKnownFileType = sourcecode.c.h; path = AppDelegate.h; sourceTree = "<group>"; };
		8B9A13FC1993605D00958EE0 /* AppDelegate.m */ = {isa = PBXFileReference; lastKnownFileType = sourcecode.c.objc; path = AppDelegate.m; sourceTree = "<group>"; };
		8B9A14011993605D00958EE0 /* ViewController.h */ = {isa = PBXFileReference; lastKnownFileType = sourcecode.c.h; path = ViewController.h; sourceTree = "<group>"; };
		8B9A14021993605D00958EE0 /* ViewController.m */ = {isa = PBXFileReference; lastKnownFileType = sourcecode.c.objc; path = ViewController.m; sourceTree = "<group>"; };
		8B9A14041993605D00958EE0 /* Images.xcassets */ = {isa = PBXFileReference; lastKnownFileType = folder.assetcatalog; path = Images.xcassets; sourceTree = "<group>"; };
		8B9A140A1993605D00958EE0 /* 测试滑动删除CellTests.xctest */ = {isa = PBXFileReference; explicitFileType = wrapper.cfbundle; includeInIndex = 0; path = "测试滑动删除CellTests.xctest"; sourceTree = BUILT_PRODUCTS_DIR; };
		8B9A140B1993605D00958EE0 /* XCTest.framework */ = {isa = PBXFileReference; lastKnownFileType = wrapper.framework; name = XCTest.framework; path = Library/Frameworks/XCTest.framework; sourceTree = DEVELOPER_DIR; };
		8B9A14131993605D00958EE0 /* 测试滑动删除CellTests-Info.plist */ = {isa = PBXFileReference; lastKnownFileType = text.plist.xml; path = "测试滑动删除CellTests-Info.plist"; sourceTree = "<group>"; };
		8B9A14151993605D00958EE0 /* en */ = {isa = PBXFileReference; lastKnownFileType = text.plist.strings; name = en; path = en.lproj/InfoPlist.strings; sourceTree = "<group>"; };
		8B9A14171993605D00958EE0 /* ______CellTests.m */ = {isa = PBXFileReference; lastKnownFileType = sourcecode.c.objc; path = "______CellTests.m"; sourceTree = "<group>"; };
		8BA86C9619A2EA4800A667E2 /* SKCustomTableView.h */ = {isa = PBXFileReference; fileEncoding = 4; lastKnownFileType = sourcecode.c.h; path = SKCustomTableView.h; sourceTree = "<group>"; };
		8BA86C9719A2EA4800A667E2 /* SKCustomTableView.m */ = {isa = PBXFileReference; fileEncoding = 4; lastKnownFileType = sourcecode.c.objc; path = SKCustomTableView.m; sourceTree = "<group>"; };
		8BA86C9A19A2EA9000A667E2 /* CircleView.h */ = {isa = PBXFileReference; fileEncoding = 4; lastKnownFileType = sourcecode.c.h; path = CircleView.h; sourceTree = "<group>"; };
		8BA86C9B19A2EA9000A667E2 /* CircleView.m */ = {isa = PBXFileReference; fileEncoding = 4; lastKnownFileType = sourcecode.c.objc; path = CircleView.m; sourceTree = "<group>"; };
		8BA86C9C19A2EA9000A667E2 /* EGORefreshTableHeaderView.h */ = {isa = PBXFileReference; fileEncoding = 4; lastKnownFileType = sourcecode.c.h; path = EGORefreshTableHeaderView.h; sourceTree = "<group>"; };
		8BA86C9D19A2EA9000A667E2 /* EGORefreshTableHeaderView.m */ = {isa = PBXFileReference; fileEncoding = 4; lastKnownFileType = sourcecode.c.objc; path = EGORefreshTableHeaderView.m; sourceTree = "<group>"; };
		8BA86CA019A2EAC800A667E2 /* SKLoadMoreCell.h */ = {isa = PBXFileReference; fileEncoding = 4; lastKnownFileType = sourcecode.c.h; path = SKLoadMoreCell.h; sourceTree = "<group>"; };
		8BA86CA119A2EAC800A667E2 /* SKLoadMoreCell.m */ = {isa = PBXFileReference; fileEncoding = 4; lastKnownFileType = sourcecode.c.objc; path = SKLoadMoreCell.m; sourceTree = "<group>"; };
		8BA86CA219A2EAC800A667E2 /* SKLoadMoreCell.xib */ = {isa = PBXFileReference; fileEncoding = 4; lastKnownFileType = file.xib; path = SKLoadMoreCell.xib; sourceTree = "<group>"; };
		8BA86CA519A2EED400A667E2 /* SKSlideTableViewCell.xib */ = {isa = PBXFileReference; fileEncoding = 4; lastKnownFileType = file.xib; path = SKSlideTableViewCell.xib; sourceTree = "<group>"; };
		8BA86CA719A2F57900A667E2 /* MyTableViewCell.h */ = {isa = PBXFileReference; fileEncoding = 4; lastKnownFileType = sourcecode.c.h; path = MyTableViewCell.h; sourceTree = "<group>"; };
		8BA86CA819A2F57900A667E2 /* MyTableViewCell.m */ = {isa = PBXFileReference; fileEncoding = 4; lastKnownFileType = sourcecode.c.objc; path = MyTableViewCell.m; sourceTree = "<group>"; };
		8BA86CAA19A3152A00A667E2 /* haha.png */ = {isa = PBXFileReference; lastKnownFileType = image.png; path = haha.png; sourceTree = "<group>"; };
/* End PBXFileReference section */

/* Begin PBXFrameworksBuildPhase section */
		8B9A13E61993605D00958EE0 /* Frameworks */ = {
			isa = PBXFrameworksBuildPhase;
			buildActionMask = 2147483647;
			files = (
				8B9A13EF1993605D00958EE0 /* CoreGraphics.framework in Frameworks */,
				8B9A13F11993605D00958EE0 /* UIKit.framework in Frameworks */,
				8B9A13ED1993605D00958EE0 /* Foundation.framework in Frameworks */,
			);
			runOnlyForDeploymentPostprocessing = 0;
		};
		8B9A14071993605D00958EE0 /* Frameworks */ = {
			isa = PBXFrameworksBuildPhase;
			buildActionMask = 2147483647;
			files = (
				8B9A140C1993605D00958EE0 /* XCTest.framework in Frameworks */,
				8B9A140E1993605D00958EE0 /* UIKit.framework in Frameworks */,
				8B9A140D1993605D00958EE0 /* Foundation.framework in Frameworks */,
			);
			runOnlyForDeploymentPostprocessing = 0;
		};
/* End PBXFrameworksBuildPhase section */

/* Begin PBXGroup section */
		8B4105C71999EC0F0056EA3C /* Common */ = {
			isa = PBXGroup;
			children = (
				3E5C67F11B4669E700B5FBFB /* SKExtendLoadMoreTableView.h */,
				3E5C67F21B4669E700B5FBFB /* SKExtendLoadMoreTableView.m */,
				8BA86C9919A2EA9000A667E2 /* RefreshTableHeaderView */,
				8B3E944A19A1DBED002AD9CC /* SKSlideTableViewCell.h */,
				8B3E944B19A1DBED002AD9CC /* SKSlideTableViewCell.m */,
				8BA86CA519A2EED400A667E2 /* SKSlideTableViewCell.xib */,
				8B4105C81999EC3E0056EA3C /* SKHitView.h */,
				8B4105C91999EC3E0056EA3C /* SKHitView.m */,
				8BA86C9619A2EA4800A667E2 /* SKCustomTableView.h */,
				8BA86C9719A2EA4800A667E2 /* SKCustomTableView.m */,
				8BA86CA019A2EAC800A667E2 /* SKLoadMoreCell.h */,
				8BA86CA119A2EAC800A667E2 /* SKLoadMoreCell.m */,
				8BA86CA219A2EAC800A667E2 /* SKLoadMoreCell.xib */,
			);
			path = Common;
			sourceTree = "<group>";
		};
		8B9A13E01993605D00958EE0 = {
			isa = PBXGroup;
			children = (
				8B9A13F21993605D00958EE0 /* 测试滑动删除Cell */,
				8B9A14111993605D00958EE0 /* 测试滑动删除CellTests */,
				8B9A13EB1993605D00958EE0 /* Frameworks */,
				8B9A13EA1993605D00958EE0 /* Products */,
			);
			sourceTree = "<group>";
		};
		8B9A13EA1993605D00958EE0 /* Products */ = {
			isa = PBXGroup;
			children = (
				8B9A13E91993605D00958EE0 /* 测试滑动删除Cell.app */,
				8B9A140A1993605D00958EE0 /* 测试滑动删除CellTests.xctest */,
			);
			name = Products;
			sourceTree = "<group>";
		};
		8B9A13EB1993605D00958EE0 /* Frameworks */ = {
			isa = PBXGroup;
			children = (
				8B9A13EC1993605D00958EE0 /* Foundation.framework */,
				8B9A13EE1993605D00958EE0 /* CoreGraphics.framework */,
				8B9A13F01993605D00958EE0 /* UIKit.framework */,
				8B9A140B1993605D00958EE0 /* XCTest.framework */,
			);
			name = Frameworks;
			sourceTree = "<group>";
		};
		8B9A13F21993605D00958EE0 /* 测试滑动删除Cell */ = {
			isa = PBXGroup;
			children = (
				8B4105C71999EC0F0056EA3C /* Common */,
				8B9A13FB1993605D00958EE0 /* AppDelegate.h */,
				8B9A13FC1993605D00958EE0 /* AppDelegate.m */,
				8B9A14011993605D00958EE0 /* ViewController.h */,
				8B9A14021993605D00958EE0 /* ViewController.m */,
				8BA86CA719A2F57900A667E2 /* MyTableViewCell.h */,
				8BA86CA819A2F57900A667E2 /* MyTableViewCell.m */,
				8BA86CAA19A3152A00A667E2 /* haha.png */,
				3E3937C41B4CFAAC00CB2B68 /* delete.png */,
				8B9A14041993605D00958EE0 /* Images.xcassets */,
				8B9A13F31993605D00958EE0 /* Supporting Files */,
			);
			path = "测试滑动删除Cell";
			sourceTree = "<group>";
		};
		8B9A13F31993605D00958EE0 /* Supporting Files */ = {
			isa = PBXGroup;
			children = (
				8B9A13F41993605D00958EE0 /* 测试滑动删除Cell-Info.plist */,
				8B9A13F51993605D00958EE0 /* InfoPlist.strings */,
				8B9A13F81993605D00958EE0 /* main.m */,
				8B9A13FA1993605D00958EE0 /* 测试滑动删除Cell-Prefix.pch */,
			);
			name = "Supporting Files";
			sourceTree = "<group>";
		};
		8B9A14111993605D00958EE0 /* 测试滑动删除CellTests */ = {
			isa = PBXGroup;
			children = (
				8B9A14171993605D00958EE0 /* ______CellTests.m */,
				8B9A14121993605D00958EE0 /* Supporting Files */,
			);
			path = "测试滑动删除CellTests";
			sourceTree = "<group>";
		};
		8B9A14121993605D00958EE0 /* Supporting Files */ = {
			isa = PBXGroup;
			children = (
				8B9A14131993605D00958EE0 /* 测试滑动删除CellTests-Info.plist */,
				8B9A14141993605D00958EE0 /* InfoPlist.strings */,
			);
			name = "Supporting Files";
			sourceTree = "<group>";
		};
		8BA86C9919A2EA9000A667E2 /* RefreshTableHeaderView */ = {
			isa = PBXGroup;
			children = (
				8BA86C9A19A2EA9000A667E2 /* CircleView.h */,
				8BA86C9B19A2EA9000A667E2 /* CircleView.m */,
				8BA86C9C19A2EA9000A667E2 /* EGORefreshTableHeaderView.h */,
				8BA86C9D19A2EA9000A667E2 /* EGORefreshTableHeaderView.m */,
				3E5C67EB1B465A1100B5FBFB /* SKLoadMoreTableFooterView.h */,
				3E5C67EC1B465A1100B5FBFB /* SKLoadMoreTableFooterView.m */,
			);
			path = RefreshTableHeaderView;
			sourceTree = "<group>";
		};
/* End PBXGroup section */

/* Begin PBXNativeTarget section */
		8B9A13E81993605D00958EE0 /* 测试滑动删除Cell */ = {
			isa = PBXNativeTarget;
			buildConfigurationList = 8B9A141B1993605D00958EE0 /* Build configuration list for PBXNativeTarget "测试滑动删除Cell" */;
			buildPhases = (
				8B9A13E51993605D00958EE0 /* Sources */,
				8B9A13E61993605D00958EE0 /* Frameworks */,
				8B9A13E71993605D00958EE0 /* Resources */,
			);
			buildRules = (
			);
			dependencies = (
			);
			name = "测试滑动删除Cell";
			productName = "测试滑动删除Cell";
			productReference = 8B9A13E91993605D00958EE0 /* 测试滑动删除Cell.app */;
			productType = "com.apple.product-type.application";
		};
		8B9A14091993605D00958EE0 /* 测试滑动删除CellTests */ = {
			isa = PBXNativeTarget;
			buildConfigurationList = 8B9A141E1993605D00958EE0 /* Build configuration list for PBXNativeTarget "测试滑动删除CellTests" */;
			buildPhases = (
				8B9A14061993605D00958EE0 /* Sources */,
				8B9A14071993605D00958EE0 /* Frameworks */,
				8B9A14081993605D00958EE0 /* Resources */,
			);
			buildRules = (
			);
			dependencies = (
				8B9A14101993605D00958EE0 /* PBXTargetDependency */,
			);
			name = "测试滑动删除CellTests";
			productName = "测试滑动删除CellTests";
			productReference = 8B9A140A1993605D00958EE0 /* 测试滑动删除CellTests.xctest */;
			productType = "com.apple.product-type.bundle.unit-test";
		};
/* End PBXNativeTarget section */

/* Begin PBXProject section */
		8B9A13E11993605D00958EE0 /* Project object */ = {
			isa = PBXProject;
			attributes = {
				LastUpgradeCheck = 0510;
				ORGANIZATIONNAME = lin;
				TargetAttributes = {
					8B9A13E81993605D00958EE0 = {
						DevelopmentTeam = RN5U5N22W6;
					};
					8B9A14091993605D00958EE0 = {
						TestTargetID = 8B9A13E81993605D00958EE0;
					};
				};
			};
			buildConfigurationList = 8B9A13E41993605D00958EE0 /* Build configuration list for PBXProject "测试滑动删除Cell" */;
			compatibilityVersion = "Xcode 3.2";
			developmentRegion = English;
			hasScannedForEncodings = 0;
			knownRegions = (
				en,
				Base,
			);
			mainGroup = 8B9A13E01993605D00958EE0;
			productRefGroup = 8B9A13EA1993605D00958EE0 /* Products */;
			projectDirPath = "";
			projectRoot = "";
			targets = (
				8B9A13E81993605D00958EE0 /* 测试滑动删除Cell */,
				8B9A14091993605D00958EE0 /* 测试滑动删除CellTests */,
			);
		};
/* End PBXProject section */

/* Begin PBXResourcesBuildPhase section */
		8B9A13E71993605D00958EE0 /* Resources */ = {
			isa = PBXResourcesBuildPhase;
			buildActionMask = 2147483647;
			files = (
				3E3937C51B4CFAAC00CB2B68 /* delete.png in Resources */,
				8BA86CA419A2EAC800A667E2 /* SKLoadMoreCell.xib in Resources */,
				8B9A14051993605D00958EE0 /* Images.xcassets in Resources */,
				8BA86CA619A2EED400A667E2 /* SKSlideTableViewCell.xib in Resources */,
				8B9A13F71993605D00958EE0 /* InfoPlist.strings in Resources */,
				8BA86CAB19A3152A00A667E2 /* haha.png in Resources */,
			);
			runOnlyForDeploymentPostprocessing = 0;
		};
		8B9A14081993605D00958EE0 /* Resources */ = {
			isa = PBXResourcesBuildPhase;
			buildActionMask = 2147483647;
			files = (
				8B9A14161993605D00958EE0 /* InfoPlist.strings in Resources */,
			);
			runOnlyForDeploymentPostprocessing = 0;
		};
/* End PBXResourcesBuildPhase section */

/* Begin PBXSourcesBuildPhase section */
		8B9A13E51993605D00958EE0 /* Sources */ = {
			isa = PBXSourcesBuildPhase;
			buildActionMask = 2147483647;
			files = (
				8BA86CA919A2F57900A667E2 /* MyTableViewCell.m in Sources */,
				8BA86C9F19A2EA9000A667E2 /* EGORefreshTableHeaderView.m in Sources */,
				3E5C67F31B4669E700B5FBFB /* SKExtendLoadMoreTableView.m in Sources */,
				8B9A14031993605D00958EE0 /* ViewController.m in Sources */,
				8BA86CA319A2EAC800A667E2 /* SKLoadMoreCell.m in Sources */,
				8B9A13FD1993605D00958EE0 /* AppDelegate.m in Sources */,
				8B4105CA1999EC3E0056EA3C /* SKHitView.m in Sources */,
				8B3E944C19A1DBED002AD9CC /* SKSlideTableViewCell.m in Sources */,
				8BA86C9E19A2EA9000A667E2 /* CircleView.m in Sources */,
				3E5C67ED1B465A1100B5FBFB /* SKLoadMoreTableFooterView.m in Sources */,
				8B9A13F91993605D00958EE0 /* main.m in Sources */,
				8BA86C9819A2EA4800A667E2 /* SKCustomTableView.m in Sources */,
			);
			runOnlyForDeploymentPostprocessing = 0;
		};
		8B9A14061993605D00958EE0 /* Sources */ = {
			isa = PBXSourcesBuildPhase;
			buildActionMask = 2147483647;
			files = (
				8B9A14181993605D00958EE0 /* ______CellTests.m in Sources */,
			);
			runOnlyForDeploymentPostprocessing = 0;
		};
/* End PBXSourcesBuildPhase section */

/* Begin PBXTargetDependency section */
		8B9A14101993605D00958EE0 /* PBXTargetDependency */ = {
			isa = PBXTargetDependency;
			target = 8B9A13E81993605D00958EE0 /* 测试滑动删除Cell */;
			targetProxy = 8B9A140F1993605D00958EE0 /* PBXContainerItemProxy */;
		};
/* End PBXTargetDependency section */

/* Begin PBXVariantGroup section */
		8B9A13F51993605D00958EE0 /* InfoPlist.strings */ = {
			isa = PBXVariantGroup;
			children = (
				8B9A13F61993605D00958EE0 /* en */,
			);
			name = InfoPlist.strings;
			sourceTree = "<group>";
		};
		8B9A14141993605D00958EE0 /* InfoPlist.strings */ = {
			isa = PBXVariantGroup;
			children = (
				8B9A14151993605D00958EE0 /* en */,
			);
			name = InfoPlist.strings;
			sourceTree = "<group>";
		};
/* End PBXVariantGroup section */

/* Begin XCBuildConfiguration section */
		8B9A14191993605D00958EE0 /* Debug */ = {
			isa = XCBuildConfiguration;
			buildSettings = {
				ALWAYS_SEARCH_USER_PATHS = NO;
				CLANG_CXX_LANGUAGE_STANDARD = "gnu++0x";
				CLANG_CXX_LIBRARY = "libc++";
				CLANG_ENABLE_MODULES = YES;
				CLANG_ENABLE_OBJC_ARC = YES;
				CLANG_WARN_BOOL_CONVERSION = YES;
				CLANG_WARN_CONSTANT_CONVERSION = YES;
				CLANG_WARN_DIRECT_OBJC_ISA_USAGE = YES_ERROR;
				CLANG_WARN_EMPTY_BODY = YES;
				CLANG_WARN_ENUM_CONVERSION = YES;
				CLANG_WARN_INT_CONVERSION = YES;
				CLANG_WARN_OBJC_ROOT_CLASS = YES_ERROR;
				CLANG_WARN__DUPLICATE_METHOD_MATCH = YES;
				"CODE_SIGN_IDENTITY[sdk=iphoneos*]" = "iPhone Developer";
				COPY_PHASE_STRIP = NO;
				GCC_C_LANGUAGE_STANDARD = gnu99;
				GCC_DYNAMIC_NO_PIC = NO;
				GCC_OPTIMIZATION_LEVEL = 0;
				GCC_PREPROCESSOR_DEFINITIONS = (
					"DEBUG=1",
					"$(inherited)",
				);
				GCC_SYMBOLS_PRIVATE_EXTERN = NO;
				GCC_WARN_64_TO_32_BIT_CONVERSION = YES;
				GCC_WARN_ABOUT_RETURN_TYPE = YES_ERROR;
				GCC_WARN_UNDECLARED_SELECTOR = YES;
				GCC_WARN_UNINITIALIZED_AUTOS = YES_AGGRESSIVE;
				GCC_WARN_UNUSED_FUNCTION = YES;
				GCC_WARN_UNUSED_VARIABLE = YES;
				IPHONEOS_DEPLOYMENT_TARGET = 7.1;
				ONLY_ACTIVE_ARCH = YES;
				SDKROOT = iphoneos;
			};
			name = Debug;
		};
		8B9A141A1993605D00958EE0 /* Release */ = {
			isa = XCBuildConfiguration;
			buildSettings = {
				ALWAYS_SEARCH_USER_PATHS = NO;
				CLANG_CXX_LANGUAGE_STANDARD = "gnu++0x";
				CLANG_CXX_LIBRARY = "libc++";
				CLANG_ENABLE_MODULES = YES;
				CLANG_ENABLE_OBJC_ARC = YES;
				CLANG_WARN_BOOL_CONVERSION = YES;
				CLANG_WARN_CONSTANT_CONVERSION = YES;
				CLANG_WARN_DIRECT_OBJC_ISA_USAGE = YES_ERROR;
				CLANG_WARN_EMPTY_BODY = YES;
				CLANG_WARN_ENUM_CONVERSION = YES;
				CLANG_WARN_INT_CONVERSION = YES;
				CLANG_WARN_OBJC_ROOT_CLASS = YES_ERROR;
				CLANG_WARN__DUPLICATE_METHOD_MATCH = YES;
				"CODE_SIGN_IDENTITY[sdk=iphoneos*]" = "iPhone Developer";
				COPY_PHASE_STRIP = YES;
				ENABLE_NS_ASSERTIONS = NO;
				GCC_C_LANGUAGE_STANDARD = gnu99;
				GCC_WARN_64_TO_32_BIT_CONVERSION = YES;
				GCC_WARN_ABOUT_RETURN_TYPE = YES_ERROR;
				GCC_WARN_UNDECLARED_SELECTOR = YES;
				GCC_WARN_UNINITIALIZED_AUTOS = YES_AGGRESSIVE;
				GCC_WARN_UNUSED_FUNCTION = YES;
				GCC_WARN_UNUSED_VARIABLE = YES;
				IPHONEOS_DEPLOYMENT_TARGET = 7.1;
				SDKROOT = iphoneos;
				VALIDATE_PRODUCT = YES;
			};
			name = Release;
		};
		8B9A141C1993605D00958EE0 /* Debug */ = {
			isa = XCBuildConfiguration;
			buildSettings = {
				ASSETCATALOG_COMPILER_APPICON_NAME = AppIcon;
				ASSETCATALOG_COMPILER_LAUNCHIMAGE_NAME = LaunchImage;
				CLANG_ENABLE_OBJC_ARC = NO;
				CODE_SIGN_IDENTITY = "iPhone Developer";
				"CODE_SIGN_IDENTITY[sdk=iphoneos*]" = "iPhone Developer";
				GCC_PRECOMPILE_PREFIX_HEADER = YES;
				GCC_PREFIX_HEADER = "测试滑动删除Cell/测试滑动删除Cell-Prefix.pch";
				INFOPLIST_FILE = "测试滑动删除Cell/测试滑动删除Cell-Info.plist";
				IPHONEOS_DEPLOYMENT_TARGET = 5.0;
				PRODUCT_NAME = "$(TARGET_NAME)";
				PROVISIONING_PROFILE = "";
				WRAPPER_EXTENSION = app;
			};
			name = Debug;
		};
		8B9A141D1993605D00958EE0 /* Release */ = {
			isa = XCBuildConfiguration;
			buildSettings = {
				ASSETCATALOG_COMPILER_APPICON_NAME = AppIcon;
				ASSETCATALOG_COMPILER_LAUNCHIMAGE_NAME = LaunchImage;
				CLANG_ENABLE_OBJC_ARC = NO;
				CODE_SIGN_IDENTITY = "iPhone Developer";
				"CODE_SIGN_IDENTITY[sdk=iphoneos*]" = "iPhone Developer";
				GCC_PRECOMPILE_PREFIX_HEADER = YES;
				GCC_PREFIX_HEADER = "测试滑动删除Cell/测试滑动删除Cell-Prefix.pch";
				INFOPLIST_FILE = "测试滑动删除Cell/测试滑动删除Cell-Info.plist";
				IPHONEOS_DEPLOYMENT_TARGET = 5.0;
				PRODUCT_NAME = "$(TARGET_NAME)";
				PROVISIONING_PROFILE = "";
				WRAPPER_EXTENSION = app;
			};
			name = Release;
		};
		8B9A141F1993605D00958EE0 /* Debug */ = {
			isa = XCBuildConfiguration;
			buildSettings = {
				BUNDLE_LOADER = "$(BUILT_PRODUCTS_DIR)/测试滑动删除Cell.app/测试滑动删除Cell";
				FRAMEWORK_SEARCH_PATHS = (
					"$(SDKROOT)/Developer/Library/Frameworks",
					"$(inherited)",
					"$(DEVELOPER_FRAMEWORKS_DIR)",
				);
				GCC_PRECOMPILE_PREFIX_HEADER = YES;
				GCC_PREFIX_HEADER = "测试滑动删除Cell/测试滑动删除Cell-Prefix.pch";
				GCC_PREPROCESSOR_DEFINITIONS = (
					"DEBUG=1",
					"$(inherited)",
				);
				INFOPLIST_FILE = "测试滑动删除CellTests/测试滑动删除CellTests-Info.plist";
				PRODUCT_NAME = "$(TARGET_NAME)";
				TEST_HOST = "$(BUNDLE_LOADER)";
				WRAPPER_EXTENSION = xctest;
			};
			name = Debug;
		};
		8B9A14201993605D00958EE0 /* Release */ = {
			isa = XCBuildConfiguration;
			buildSettings = {
				BUNDLE_LOADER = "$(BUILT_PRODUCTS_DIR)/测试滑动删除Cell.app/测试滑动删除Cell";
				FRAMEWORK_SEARCH_PATHS = (
					"$(SDKROOT)/Developer/Library/Frameworks",
					"$(inherited)",
					"$(DEVELOPER_FRAMEWORKS_DIR)",
				);
				GCC_PRECOMPILE_PREFIX_HEADER = YES;
				GCC_PREFIX_HEADER = "测试滑动删除Cell/测试滑动删除Cell-Prefix.pch";
				INFOPLIST_FILE = "测试滑动删除CellTests/测试滑动删除CellTests-Info.plist";
				PRODUCT_NAME = "$(TARGET_NAME)";
				TEST_HOST = "$(BUNDLE_LOADER)";
				WRAPPER_EXTENSION = xctest;
			};
			name = Release;
		};
/* End XCBuildConfiguration section */

/* Begin XCConfigurationList section */
		8B9A13E41993605D00958EE0 /* Build configuration list for PBXProject "测试滑动删除Cell" */ = {
			isa = XCConfigurationList;
			buildConfigurations = (
				8B9A14191993605D00958EE0 /* Debug */,
				8B9A141A1993605D00958EE0 /* Release */,
			);
			defaultConfigurationIsVisible = 0;
			defaultConfigurationName = Release;
		};
		8B9A141B1993605D00958EE0 /* Build configuration list for PBXNativeTarget "测试滑动删除Cell" */ = {
			isa = XCConfigurationList;
			buildConfigurations = (
				8B9A141C1993605D00958EE0 /* Debug */,
				8B9A141D1993605D00958EE0 /* Release */,
			);
			defaultConfigurationIsVisible = 0;
			defaultConfigurationName = Release;
		};
		8B9A141E1993605D00958EE0 /* Build configuration list for PBXNativeTarget "测试滑动删除CellTests" */ = {
			isa = XCConfigurationList;
			buildConfigurations = (
				8B9A141F1993605D00958EE0 /* Debug */,
				8B9A14201993605D00958EE0 /* Release */,
			);
			defaultConfigurationIsVisible = 0;
			defaultConfigurationName = Release;
		};
/* End XCConfigurationList section */
	};
	rootObject = 8B9A13E11993605D00958EE0 /* Project object */;
}
